// !$*UTF8*$!
{
	archiveVersion = 1;
	classes = {
	};
	objectVersion = 46;
	objects = {

/* Begin PBXBuildFile section */
		1A062CE3B425F32673BFABE1 /* Foundation.framework in Frameworks */ = {isa = PBXBuildFile; fileRef = FA758D1180190D0596C94960 /* Foundation.framework */; };
		41810FBDB4638406DCC6FAD6 /* main.m in Sources */ = {isa = PBXBuildFile; fileRef = CB0175108BBEA3EDAE719D25 /* main.m */; };
		6A4D9C2BF5F7385E0928FDE1 /* Pods_LibnfsTestiOS.framework in Frameworks */ = {isa = PBXBuildFile; fileRef = 34CBF63EF3B48BED9E1D8030 /* Pods_LibnfsTestiOS.framework */; };
		8718EB72B359DBA5946EB911 /* main.m in Sources */ = {isa = PBXBuildFile; fileRef = 3776DD852CFB66B45D8352AB /* main.m */; };
		9DB0E50168C16C0F63CD8F40 /* Pods_LibnfsTest.framework in Frameworks */ = {isa = PBXBuildFile; fileRef = 0E69A50A937FB7B3B7FFF247 /* Pods_LibnfsTest.framework */; };
		CC746C59CE9C32BEDECE9E26 /* Cocoa.framework in Frameworks */ = {isa = PBXBuildFile; fileRef = 78F02F1CC1B9849D45F80993 /* Cocoa.framework */; };
/* End PBXBuildFile section */

/* Begin PBXFileReference section */
		063B3C7A3C32250B93608D5D /* LibnfsTestiOS.app */ = {isa = PBXFileReference; explicitFileType = wrapper.application; includeInIndex = 0; path = LibnfsTestiOS.app; sourceTree = BUILT_PRODUCTS_DIR; };
		0E69A50A937FB7B3B7FFF247 /* Pods_LibnfsTest.framework */ = {isa = PBXFileReference; explicitFileType = wrapper.framework; includeInIndex = 0; path = Pods_LibnfsTest.framework; sourceTree = BUILT_PRODUCTS_DIR; };
		34CBF63EF3B48BED9E1D8030 /* Pods_LibnfsTestiOS.framework */ = {isa = PBXFileReference; explicitFileType = wrapper.framework; includeInIndex = 0; path = Pods_LibnfsTestiOS.framework; sourceTree = BUILT_PRODUCTS_DIR; };
		3776DD852CFB66B45D8352AB /* main.m */ = {isa = PBXFileReference; includeInIndex = 1; lastKnownFileType = sourcecode.c.objc; path = main.m; sourceTree = "<group>"; };
		39F76A0259B9550C063E45A5 /* Pods-LibnfsTest.release.xcconfig */ = {isa = PBXFileReference; includeInIndex = 1; lastKnownFileType = text.xcconfig; name = "Pods-LibnfsTest.release.xcconfig"; path = "Target Support Files/Pods-LibnfsTest/Pods-LibnfsTest.release.xcconfig"; sourceTree = "<group>"; };
		4783ECBBF44EF303C6105489 /* LibnfsTest */ = {isa = PBXFileReference; includeInIndex = 0; path = LibnfsTest; sourceTree = BUILT_PRODUCTS_DIR; };
		78F02F1CC1B9849D45F80993 /* Cocoa.framework */ = {isa = PBXFileReference; lastKnownFileType = wrapper.framework; name = Cocoa.framework; path = Platforms/MacOSX.platform/Developer/SDKs/MacOSX15.0.sdk/System/Library/Frameworks/Cocoa.framework; sourceTree = DEVELOPER_DIR; };
		8DFD23BF526DE091B566EA17 /* Pods-LibnfsTestiOS.debug.xcconfig */ = {isa = PBXFileReference; includeInIndex = 1; lastKnownFileType = text.xcconfig; name = "Pods-LibnfsTestiOS.debug.xcconfig"; path = "Target Support Files/Pods-LibnfsTestiOS/Pods-LibnfsTestiOS.debug.xcconfig"; sourceTree = "<group>"; };
		A559F7FC9C8DD3FA63EBC9A7 /* Pods-LibnfsTestiOS.release.xcconfig */ = {isa = PBXFileReference; includeInIndex = 1; lastKnownFileType = text.xcconfig; name = "Pods-LibnfsTestiOS.release.xcconfig"; path = "Target Support Files/Pods-LibnfsTestiOS/Pods-LibnfsTestiOS.release.xcconfig"; sourceTree = "<group>"; };
		CAE97F72CC95E5C9B3CFA0C5 /* Pods-LibnfsTest.debug.xcconfig */ = {isa = PBXFileReference; includeInIndex = 1; lastKnownFileType = text.xcconfig; name = "Pods-LibnfsTest.debug.xcconfig"; path = "Target Support Files/Pods-LibnfsTest/Pods-LibnfsTest.debug.xcconfig"; sourceTree = "<group>"; };
		CB0175108BBEA3EDAE719D25 /* main.m */ = {isa = PBXFileReference; includeInIndex = 1; lastKnownFileType = sourcecode.c.objc; path = main.m; sourceTree = "<group>"; };
		FA758D1180190D0596C94960 /* Foundation.framework */ = {isa = PBXFileReference; lastKnownFileType = wrapper.framework; name = Foundation.framework; path = Platforms/iPhoneOS.platform/Developer/SDKs/iPhoneOS18.0.sdk/System/Library/Frameworks/Foundation.framework; sourceTree = DEVELOPER_DIR; };
/* End PBXFileReference section */

/* Begin PBXFrameworksBuildPhase section */
		8BA41AF7F800C94EC6B1C425 /* Frameworks */ = {
			isa = PBXFrameworksBuildPhase;
			buildActionMask = 2147483647;
			files = (
				CC746C59CE9C32BEDECE9E26 /* Cocoa.framework in Frameworks */,
				9DB0E50168C16C0F63CD8F40 /* Pods_LibnfsTest.framework in Frameworks */,
			);
			runOnlyForDeploymentPostprocessing = 0;
		};
		C59F76848E858F06D5226945 /* Frameworks */ = {
			isa = PBXFrameworksBuildPhase;
			buildActionMask = 2147483647;
			files = (
				1A062CE3B425F32673BFABE1 /* Foundation.framework in Frameworks */,
				6A4D9C2BF5F7385E0928FDE1 /* Pods_LibnfsTestiOS.framework in Frameworks */,
			);
			runOnlyForDeploymentPostprocessing = 0;
		};
/* End PBXFrameworksBuildPhase section */

/* Begin PBXGroup section */
		10B21DC052881EF44FEF2F6D /* Pods */ = {
			isa = PBXGroup;
			children = (
				39F76A0259B9550C063E45A5 /* Pods-LibnfsTest.release.xcconfig */,
				CAE97F72CC95E5C9B3CFA0C5 /* Pods-LibnfsTest.debug.xcconfig */,
				A559F7FC9C8DD3FA63EBC9A7 /* Pods-LibnfsTestiOS.release.xcconfig */,
				8DFD23BF526DE091B566EA17 /* Pods-LibnfsTestiOS.debug.xcconfig */,
			);
			name = Pods;
			path = Pods;
			sourceTree = "<group>";
		};
		3B781633CA96000294F9A3CF = {
			isa = PBXGroup;
			children = (
				83E689DF3E5CBB4B3976C88B /* Products */,
				F46EFDA04DC68D0B942F39C4 /* Frameworks */,
				582AC424F60969B190B6BC0A /* LibnfsTest */,
				9B7B989607742878319986BE /* LibnfsTestiOS */,
				10B21DC052881EF44FEF2F6D /* Pods */,
			);
			sourceTree = "<group>";
		};
		582AC424F60969B190B6BC0A /* LibnfsTest */ = {
			isa = PBXGroup;
			children = (
				CB0175108BBEA3EDAE719D25 /* main.m */,
			);
			name = LibnfsTest;
			path = LibnfsTest;
			sourceTree = "<group>";
		};
		76156EA3A83197AFCD3E85A7 /* OS X */ = {
			isa = PBXGroup;
			children = (
				78F02F1CC1B9849D45F80993 /* Cocoa.framework */,
			);
			name = "OS X";
			sourceTree = "<group>";
		};
		78DF9EE706C891F732EC3460 /* iOS */ = {
			isa = PBXGroup;
			children = (
				FA758D1180190D0596C94960 /* Foundation.framework */,
			);
			name = iOS;
			sourceTree = "<group>";
		};
		83E689DF3E5CBB4B3976C88B /* Products */ = {
			isa = PBXGroup;
			children = (
				4783ECBBF44EF303C6105489 /* LibnfsTest */,
				063B3C7A3C32250B93608D5D /* LibnfsTestiOS.app */,
			);
			name = Products;
			sourceTree = "<group>";
		};
		9B7B989607742878319986BE /* LibnfsTestiOS */ = {
			isa = PBXGroup;
			children = (
				3776DD852CFB66B45D8352AB /* main.m */,
			);
			name = LibnfsTestiOS;
			path = LibnfsTestiOS;
			sourceTree = "<group>";
		};
		F46EFDA04DC68D0B942F39C4 /* Frameworks */ = {
			isa = PBXGroup;
			children = (
				76156EA3A83197AFCD3E85A7 /* OS X */,
				78DF9EE706C891F732EC3460 /* iOS */,
				0E69A50A937FB7B3B7FFF247 /* Pods_LibnfsTest.framework */,
				34CBF63EF3B48BED9E1D8030 /* Pods_LibnfsTestiOS.framework */,
			);
			name = Frameworks;
			sourceTree = "<group>";
		};
/* End PBXGroup section */

/* Begin PBXNativeTarget section */
		C25480A24716BA6EC6A9E2EF /* LibnfsTest */ = {
			isa = PBXNativeTarget;
			buildConfigurationList = C0166EFF673E3180E5EDACF3 /* Build configuration list for PBXNativeTarget "LibnfsTest" */;
			buildPhases = (
				5A4B440DC6312762929D35E7 /* [CP] Check Pods Manifest.lock */,
				6D6F5143CAAB51F823059A4A /* Sources */,
				8BA41AF7F800C94EC6B1C425 /* Frameworks */,
			);
			buildRules = (
			);
			dependencies = (
			);
			name = LibnfsTest;
			productName = LibnfsTest;
			productReference = 4783ECBBF44EF303C6105489 /* LibnfsTest */;
			productType = "com.apple.product-type.tool";
		};
		DE4CBA34855C543974C93EEE /* LibnfsTestiOS */ = {
			isa = PBXNativeTarget;
			buildConfigurationList = 2C080C52824EC59A9A16AA37 /* Build configuration list for PBXNativeTarget "LibnfsTestiOS" */;
			buildPhases = (
				C420EA3C90FA855F64157948 /* [CP] Check Pods Manifest.lock */,
				F129B2CA88AC233746DB77F3 /* Sources */,
				C59F76848E858F06D5226945 /* Frameworks */,
				D26444EAFE2C0B3DF9E34A10 /* Resources */,
				C636818E93DA45ADBE27AD0B /* [CP] Embed Pods Frameworks */,
			);
			buildRules = (
			);
			dependencies = (
			);
			name = LibnfsTestiOS;
			productName = LibnfsTestiOS;
			productReference = 063B3C7A3C32250B93608D5D /* LibnfsTestiOS.app */;
			productType = "com.apple.product-type.application";
		};
/* End PBXNativeTarget section */

/* Begin PBXProject section */
		D4C031946072A58DBCDB8653 /* Project object */ = {
			isa = PBXProject;
			attributes = {
				LastSwiftUpdateCheck = 1600;
				LastUpgradeCheck = 1600;
			};
			buildConfigurationList = FDF723FB5F80A3F6FB637A2C /* Build configuration list for PBXProject "LibnfsTest" */;
			compatibilityVersion = "Xcode 3.2";
			developmentRegion = en;
			hasScannedForEncodings = 0;
			knownRegions = (
				en,
				Base,
			);
			mainGroup = 3B781633CA96000294F9A3CF;
			minimizedProjectReferenceProxies = 0;
			preferredProjectObjectVersion = 77;
			productRefGroup = 83E689DF3E5CBB4B3976C88B /* Products */;
			projectDirPath = "";
			projectRoot = "";
			targets = (
				C25480A24716BA6EC6A9E2EF /* LibnfsTest */,
				DE4CBA34855C543974C93EEE /* LibnfsTestiOS */,
			);
		};
/* End PBXProject section */

/* Begin PBXResourcesBuildPhase section */
		D26444EAFE2C0B3DF9E34A10 /* Resources */ = {
			isa = PBXResourcesBuildPhase;
			buildActionMask = 2147483647;
			files = (
			);
			runOnlyForDeploymentPostprocessing = 0;
		};
/* End PBXResourcesBuildPhase section */

/* Begin PBXShellScriptBuildPhase section */
		5A4B440DC6312762929D35E7 /* [CP] Check Pods Manifest.lock */ = {
			isa = PBXShellScriptBuildPhase;
			buildActionMask = 2147483647;
			files = (
			);
			inputFileListPaths = (
			);
			inputPaths = (
				"${PODS_PODFILE_DIR_PATH}/Podfile.lock",
				"${PODS_ROOT}/Manifest.lock",
			);
			name = "[CP] Check Pods Manifest.lock";
			outputFileListPaths = (
			);
			outputPaths = (
				"$(DERIVED_FILE_DIR)/Pods-LibnfsTest-checkManifestLockResult.txt",
			);
			runOnlyForDeploymentPostprocessing = 0;
			shellPath = /bin/sh;
			shellScript = "diff \"${PODS_PODFILE_DIR_PATH}/Podfile.lock\" \"${PODS_ROOT}/Manifest.lock\" > /dev/null\nif [ $? != 0 ] ; then\n    # print error to STDERR\n    echo \"error: The sandbox is not in sync with the Podfile.lock. Run 'pod install' or update your CocoaPods installation.\" >&2\n    exit 1\nfi\n# This output is used by Xcode 'outputs' to avoid re-running this script phase.\necho \"SUCCESS\" > \"${SCRIPT_OUTPUT_FILE_0}\"\n";
			showEnvVarsInLog = 0;
		};
		C420EA3C90FA855F64157948 /* [CP] Check Pods Manifest.lock */ = {
			isa = PBXShellScriptBuildPhase;
			buildActionMask = 2147483647;
			files = (
			);
			inputFileListPaths = (
			);
			inputPaths = (
				"${PODS_PODFILE_DIR_PATH}/Podfile.lock",
				"${PODS_ROOT}/Manifest.lock",
			);
			name = "[CP] Check Pods Manifest.lock";
			outputFileListPaths = (
			);
			outputPaths = (
				"$(DERIVED_FILE_DIR)/Pods-LibnfsTestiOS-checkManifestLockResult.txt",
			);
			runOnlyForDeploymentPostprocessing = 0;
			shellPath = /bin/sh;
			shellScript = "diff \"${PODS_PODFILE_DIR_PATH}/Podfile.lock\" \"${PODS_ROOT}/Manifest.lock\" > /dev/null\nif [ $? != 0 ] ; then\n    # print error to STDERR\n    echo \"error: The sandbox is not in sync with the Podfile.lock. Run 'pod install' or update your CocoaPods installation.\" >&2\n    exit 1\nfi\n# This output is used by Xcode 'outputs' to avoid re-running this script phase.\necho \"SUCCESS\" > \"${SCRIPT_OUTPUT_FILE_0}\"\n";
			showEnvVarsInLog = 0;
		};
		C636818E93DA45ADBE27AD0B /* [CP] Embed Pods Frameworks */ = {
			isa = PBXShellScriptBuildPhase;
			buildActionMask = 2147483647;
			files = (
			);
			inputPaths = (
				"${PODS_ROOT}/Target Support Files/Pods-LibnfsTestiOS/Pods-LibnfsTestiOS-frameworks.sh",
				"${BUILT_PRODUCTS_DIR}/libnfs-iOS/libnfs.framework",
			);
			name = "[CP] Embed Pods Frameworks";
			outputPaths = (
				"${TARGET_BUILD_DIR}/${FRAMEWORKS_FOLDER_PATH}/libnfs.framework",
			);
			runOnlyForDeploymentPostprocessing = 0;
			shellPath = /bin/sh;
			shellScript = "\"${PODS_ROOT}/Target Support Files/Pods-LibnfsTestiOS/Pods-LibnfsTestiOS-frameworks.sh\"\n";
			showEnvVarsInLog = 0;
		};
/* End PBXShellScriptBuildPhase section */

/* Begin PBXSourcesBuildPhase section */
		6D6F5143CAAB51F823059A4A /* Sources */ = {
			isa = PBXSourcesBuildPhase;
			buildActionMask = 2147483647;
			files = (
				41810FBDB4638406DCC6FAD6 /* main.m in Sources */,
			);
			runOnlyForDeploymentPostprocessing = 0;
		};
		F129B2CA88AC233746DB77F3 /* Sources */ = {
			isa = PBXSourcesBuildPhase;
			buildActionMask = 2147483647;
			files = (
				8718EB72B359DBA5946EB911 /* main.m in Sources */,
			);
			runOnlyForDeploymentPostprocessing = 0;
		};
/* End PBXSourcesBuildPhase section */

/* Begin XCBuildConfiguration section */
		15CEE9ED755891408EA34E92 /* Debug */ = {
			isa = XCBuildConfiguration;
			baseConfigurationReference = CAE97F72CC95E5C9B3CFA0C5 /* Pods-LibnfsTest.debug.xcconfig */;
			buildSettings = {
				CLANG_ENABLE_OBJC_ARC = YES;
				CLANG_ENABLE_OBJC_WEAK = NO;
				MACOSX_DEPLOYMENT_TARGET = 10.15;
				SDKROOT = macosx;
			};
			name = Debug;
		};
		1B898C763D75F001F0FA6254 /* Release */ = {
			isa = XCBuildConfiguration;
			buildSettings = {
				ALWAYS_SEARCH_USER_PATHS = NO;
				CLANG_ANALYZER_NONNULL = YES;
				CLANG_ANALYZER_NUMBER_OBJECT_CONVERSION = YES_AGGRESSIVE;
				CLANG_CXX_LANGUAGE_STANDARD = "gnu++14";
				CLANG_CXX_LIBRARY = "libc++";
				CLANG_ENABLE_MODULES = YES;
				CLANG_ENABLE_OBJC_ARC = YES;
				CLANG_ENABLE_OBJC_WEAK = YES;
				CLANG_WARN_BLOCK_CAPTURE_AUTORELEASING = YES;
				CLANG_WARN_BOOL_CONVERSION = YES;
				CLANG_WARN_COMMA = YES;
				CLANG_WARN_CONSTANT_CONVERSION = YES;
				CLANG_WARN_DEPRECATED_OBJC_IMPLEMENTATIONS = YES;
				CLANG_WARN_DIRECT_OBJC_ISA_USAGE = YES_ERROR;
				CLANG_WARN_DOCUMENTATION_COMMENTS = YES;
				CLANG_WARN_EMPTY_BODY = YES;
				CLANG_WARN_ENUM_CONVERSION = YES;
				CLANG_WARN_INFINITE_RECURSION = YES;
				CLANG_WARN_INT_CONVERSION = YES;
				CLANG_WARN_NON_LITERAL_NULL_CONVERSION = YES;
				CLANG_WARN_OBJC_IMPLICIT_RETAIN_SELF = YES;
				CLANG_WARN_OBJC_LITERAL_CONVERSION = YES;
				CLANG_WARN_OBJC_ROOT_CLASS = YES_ERROR;
				CLANG_WARN_QUOTED_INCLUDE_IN_FRAMEWORK_HEADER = YES;
				CLANG_WARN_RANGE_LOOP_ANALYSIS = YES;
				CLANG_WARN_STRICT_PROTOTYPES = YES;
				CLANG_WARN_SUSPICIOUS_MOVE = YES;
				CLANG_WARN_UNGUARDED_AVAILABILITY = YES_AGGRESSIVE;
				CLANG_WARN_UNREACHABLE_CODE = YES;
				CLANG_WARN__DUPLICATE_METHOD_MATCH = YES;
				COPY_PHASE_STRIP = NO;
				DEBUG_INFORMATION_FORMAT = "dwarf-with-dsym";
				ENABLE_NS_ASSERTIONS = NO;
				ENABLE_STRICT_OBJC_MSGSEND = YES;
				GCC_C_LANGUAGE_STANDARD = gnu11;
				GCC_NO_COMMON_BLOCKS = YES;
				GCC_WARN_64_TO_32_BIT_CONVERSION = YES;
				GCC_WARN_ABOUT_RETURN_TYPE = YES_ERROR;
				GCC_WARN_UNDECLARED_SELECTOR = YES;
				GCC_WARN_UNINITIALIZED_AUTOS = YES_AGGRESSIVE;
				GCC_WARN_UNUSED_FUNCTION = YES;
				GCC_WARN_UNUSED_VARIABLE = YES;
				MTL_ENABLE_DEBUG_INFO = NO;
				MTL_FAST_MATH = YES;
				PRODUCT_NAME = "$(TARGET_NAME)";
				SWIFT_COMPILATION_MODE = wholemodule;
				SWIFT_OPTIMIZATION_LEVEL = "-O";
				SWIFT_VERSION = 5.0;
			};
			name = Release;
		};
		626F547DECA79350660760D6 /* Debug */ = {
			isa = XCBuildConfiguration;
			baseConfigurationReference = 8DFD23BF526DE091B566EA17 /* Pods-LibnfsTestiOS.debug.xcconfig */;
			buildSettings = {
				ASSETCATALOG_COMPILER_APPICON_NAME = AppIcon;
				ASSETCATALOG_COMPILER_GLOBAL_ACCENT_COLOR_NAME = AccentColor;
				CLANG_ENABLE_OBJC_ARC = YES;
				CLANG_ENABLE_OBJC_WEAK = NO;
				GENERATE_INFOPLIST_FILE = YES;
				IPHONEOS_DEPLOYMENT_TARGET = 13.0;
				LD_RUNPATH_SEARCH_PATHS = "$(inherited) @executable_path/Frameworks";
				PRODUCT_BUNDLE_IDENTIFIER = com.test.LibnfsTestiOS;
				SDKROOT = iphoneos;
				TARGETED_DEVICE_FAMILY = "1,2";
			};
			name = Debug;
		};
		76CB9F1E4BA2E54C833D7AB2 /* Debug */ = {
			isa = XCBuildConfiguration;
			buildSettings = {
				ALWAYS_SEARCH_USER_PATHS = NO;
				CLANG_ANALYZER_NONNULL = YES;
				CLANG_ANALYZER_NUMBER_OBJECT_CONVERSION = YES_AGGRESSIVE;
				CLANG_CXX_LANGUAGE_STANDARD = "gnu++14";
				CLANG_CXX_LIBRARY = "libc++";
				CLANG_ENABLE_MODULES = YES;
				CLANG_ENABLE_OBJC_ARC = YES;
				CLANG_ENABLE_OBJC_WEAK = YES;
				CLANG_WARN_BLOCK_CAPTURE_AUTORELEASING = YES;
				CLANG_WARN_BOOL_CONVERSION = YES;
				CLANG_WARN_COMMA = YES;
				CLANG_WARN_CONSTANT_CONVERSION = YES;
				CLANG_WARN_DEPRECATED_OBJC_IMPLEMENTATIONS = YES;
				CLANG_WARN_DIRECT_OBJC_ISA_USAGE = YES_ERROR;
				CLANG_WARN_DOCUMENTATION_COMMENTS = YES;
				CLANG_WARN_EMPTY_BODY = YES;
				CLANG_WARN_ENUM_CONVERSION = YES;
				CLANG_WARN_INFINITE_RECURSION = YES;
				CLANG_WARN_INT_CONVERSION = YES;
				CLANG_WARN_NON_LITERAL_NULL_CONVERSION = YES;
				CLANG_WARN_OBJC_IMPLICIT_RETAIN_SELF = YES;
				CLANG_WARN_OBJC_LITERAL_CONVERSION = YES;
				CLANG_WARN_OBJC_ROOT_CLASS = YES_ERROR;
				CLANG_WARN_QUOTED_INCLUDE_IN_FRAMEWORK_HEADER = YES;
				CLANG_WARN_RANGE_LOOP_ANALYSIS = YES;
				CLANG_WARN_STRICT_PROTOTYPES = YES;
				CLANG_WARN_SUSPICIOUS_MOVE = YES;
				CLANG_WARN_UNGUARDED_AVAILABILITY = YES_AGGRESSIVE;
				CLANG_WARN_UNREACHABLE_CODE = YES;
				CLANG_WARN__DUPLICATE_METHOD_MATCH = YES;
				COPY_PHASE_STRIP = NO;
				DEBUG_INFORMATION_FORMAT = dwarf;
				ENABLE_STRICT_OBJC_MSGSEND = YES;
				ENABLE_TESTABILITY = YES;
				GCC_C_LANGUAGE_STANDARD = gnu11;
				GCC_DYNAMIC_NO_PIC = NO;
				GCC_NO_COMMON_BLOCKS = YES;
				GCC_OPTIMIZATION_LEVEL = 0;
				GCC_PREPROCESSOR_DEFINITIONS = (
					"DEBUG=1",
					"$(inherited)",
				);
				GCC_WARN_64_TO_32_BIT_CONVERSION = YES;
				GCC_WARN_ABOUT_RETURN_TYPE = YES_ERROR;
				GCC_WARN_UNDECLARED_SELECTOR = YES;
				GCC_WARN_UNINITIALIZED_AUTOS = YES_AGGRESSIVE;
				GCC_WARN_UNUSED_FUNCTION = YES;
				GCC_WARN_UNUSED_VARIABLE = YES;
				MTL_ENABLE_DEBUG_INFO = INCLUDE_SOURCE;
				MTL_FAST_MATH = YES;
				ONLY_ACTIVE_ARCH = YES;
				PRODUCT_NAME = "$(TARGET_NAME)";
				SWIFT_ACTIVE_COMPILATION_CONDITIONS = DEBUG;
				SWIFT_OPTIMIZATION_LEVEL = "-Onone";
				SWIFT_VERSION = 5.0;
			};
			name = Debug;
		};
		895F4FD999FBF40D6CE54BD7 /* Release */ = {
			isa = XCBuildConfiguration;
			baseConfigurationReference = 39F76A0259B9550C063E45A5 /* Pods-LibnfsTest.release.xcconfig */;
			buildSettings = {
				CLANG_ENABLE_OBJC_ARC = YES;
				CLANG_ENABLE_OBJC_WEAK = NO;
				MACOSX_DEPLOYMENT_TARGET = 10.15;
				SDKROOT = macosx;
			};
			name = Release;
		};
		C8AFD40DA2FC3F0BA89FD800 /* Release */ = {
			isa = XCBuildConfiguration;
			baseConfigurationReference = A559F7FC9C8DD3FA63EBC9A7 /* Pods-LibnfsTestiOS.release.xcconfig */;
			buildSettings = {
				ASSETCATALOG_COMPILER_APPICON_NAME = AppIcon;
				ASSETCATALOG_COMPILER_GLOBAL_ACCENT_COLOR_NAME = AccentColor;
				CLANG_ENABLE_OBJC_ARC = YES;
				CLANG_ENABLE_OBJC_WEAK = NO;
				GENERATE_INFOPLIST_FILE = YES;
				IPHONEOS_DEPLOYMENT_TARGET = 13.0;
				LD_RUNPATH_SEARCH_PATHS = "$(inherited) @executable_path/Frameworks";
				PRODUCT_BUNDLE_IDENTIFIER = com.test.LibnfsTestiOS;
				SDKROOT = iphoneos;
				TARGETED_DEVICE_FAMILY = "1,2";
				VALIDATE_PRODUCT = YES;
			};
			name = Release;
		};
/* End XCBuildConfiguration section */

/* Begin XCConfigurationList section */
		2C080C52824EC59A9A16AA37 /* Build configuration list for PBXNativeTarget "LibnfsTestiOS" */ = {
			isa = XCConfigurationList;
			buildConfigurations = (
				C8AFD40DA2FC3F0BA89FD800 /* Release */,
				626F547DECA79350660760D6 /* Debug */,
			);
			defaultConfigurationIsVisible = 0;
			defaultConfigurationName = Release;
		};
		C0166EFF673E3180E5EDACF3 /* Build configuration list for PBXNativeTarget "LibnfsTest" */ = {
			isa = XCConfigurationList;
			buildConfigurations = (
				895F4FD999FBF40D6CE54BD7 /* Release */,
				15CEE9ED755891408EA34E92 /* Debug */,
			);
			defaultConfigurationIsVisible = 0;
			defaultConfigurationName = Release;
		};
		FDF723FB5F80A3F6FB637A2C /* Build configuration list for PBXProject "LibnfsTest" */ = {
			isa = XCConfigurationList;
			buildConfigurations = (
				76CB9F1E4BA2E54C833D7AB2 /* Debug */,
				1B898C763D75F001F0FA6254 /* Release */,
			);
			defaultConfigurationIsVisible = 0;
			defaultConfigurationName = Release;
		};
/* End XCConfigurationList section */
	};
	rootObject = D4C031946072A58DBCDB8653 /* Project object */;
}
