// !$*UTF8*$!
{
	archiveVersion = 1;
	classes = {
	};
	objectVersion = 46;
	objects = {

/* Begin PBXBuildFile section */
		026581CEEB7981BF23966661 /* Cocoa.framework in Frameworks */ = {isa = PBXBuildFile; fileRef = 7F171D4FD17E3C6C073358C5 /* Cocoa.framework */; };
		2D3E79A718CF069B48965A10 /* libPods-LibnfsTest.a in Frameworks */ = {isa = PBXBuildFile; fileRef = D269F65A4C264EC5DF8E14BF /* libPods-LibnfsTest.a */; };
		5290FE786FE055D9BD628508 /* main.m in Sources */ = {isa = PBXBuildFile; fileRef = B5B45364F8B022B077DAF37E /* main.m */; };
/* End PBXBuildFile section */

/* Begin PBXFileReference section */
		0C85D81FA6B222BF4199B06F /* Pods-LibnfsTest.debug.xcconfig */ = {isa = PBXFileReference; includeInIndex = 1; lastKnownFileType = text.xcconfig; name = "Pods-LibnfsTest.debug.xcconfig"; path = "Target Support Files/Pods-LibnfsTest/Pods-LibnfsTest.debug.xcconfig"; sourceTree = "<group>"; };
		0FBBD56F22270D4C2E8FEA1E /* LibnfsTest */ = {isa = PBXFileReference; includeInIndex = 0; path = LibnfsTest; sourceTree = BUILT_PRODUCTS_DIR; };
		7F171D4FD17E3C6C073358C5 /* Cocoa.framework */ = {isa = PBXFileReference; lastKnownFileType = wrapper.framework; name = Cocoa.framework; path = Platforms/MacOSX.platform/Developer/SDKs/MacOSX15.0.sdk/System/Library/Frameworks/Cocoa.framework; sourceTree = DEVELOPER_DIR; };
		B5B45364F8B022B077DAF37E /* main.m */ = {isa = PBXFileReference; includeInIndex = 1; lastKnownFileType = sourcecode.c.objc; path = main.m; sourceTree = "<group>"; };
		B740D8ABFF5AA8EBA4D93B3A /* Pods-LibnfsTest.release.xcconfig */ = {isa = PBXFileReference; includeInIndex = 1; lastKnownFileType = text.xcconfig; name = "Pods-LibnfsTest.release.xcconfig"; path = "Target Support Files/Pods-LibnfsTest/Pods-LibnfsTest.release.xcconfig"; sourceTree = "<group>"; };
		D269F65A4C264EC5DF8E14BF /* libPods-LibnfsTest.a */ = {isa = PBXFileReference; explicitFileType = archive.ar; includeInIndex = 0; path = "libPods-LibnfsTest.a"; sourceTree = BUILT_PRODUCTS_DIR; };
/* End PBXFileReference section */

/* Begin PBXFrameworksBuildPhase section */
		C4EBFF59993CAB7B1C297C00 /* Frameworks */ = {
			isa = PBXFrameworksBuildPhase;
			buildActionMask = 2147483647;
			files = (
				026581CEEB7981BF23966661 /* Cocoa.framework in Frameworks */,
				2D3E79A718CF069B48965A10 /* libPods-LibnfsTest.a in Frameworks */,
			);
			runOnlyForDeploymentPostprocessing = 0;
		};
/* End PBXFrameworksBuildPhase section */

/* Begin PBXGroup section */
		0468EEE8CDA289D6AFC5AB17 /* Pods */ = {
			isa = PBXGroup;
			children = (
				B740D8ABFF5AA8EBA4D93B3A /* Pods-LibnfsTest.release.xcconfig */,
				0C85D81FA6B222BF4199B06F /* Pods-LibnfsTest.debug.xcconfig */,
			);
			name = Pods;
			path = Pods;
			sourceTree = "<group>";
		};
		4A65E32EDA6327D039FECDB6 = {
			isa = PBXGroup;
			children = (
				83F6DFBEECE59186AF97E974 /* Products */,
				7409B05F76C34987C7498355 /* Frameworks */,
				4CA99DD124943138D15EBDBF /* LibnfsTest */,
				0468EEE8CDA289D6AFC5AB17 /* Pods */,
			);
			sourceTree = "<group>";
		};
		4CA99DD124943138D15EBDBF /* LibnfsTest */ = {
			isa = PBXGroup;
			children = (
				B5B45364F8B022B077DAF37E /* main.m */,
			);
			name = LibnfsTest;
			path = LibnfsTest;
			sourceTree = "<group>";
		};
		7409B05F76C34987C7498355 /* Frameworks */ = {
			isa = PBXGroup;
			children = (
				E2E18D6AD5A961DC420155FD /* OS X */,
				D269F65A4C264EC5DF8E14BF /* libPods-LibnfsTest.a */,
			);
			name = Frameworks;
			sourceTree = "<group>";
		};
		83F6DFBEECE59186AF97E974 /* Products */ = {
			isa = PBXGroup;
			children = (
				0FBBD56F22270D4C2E8FEA1E /* LibnfsTest */,
			);
			name = Products;
			sourceTree = "<group>";
		};
		E2E18D6AD5A961DC420155FD /* OS X */ = {
			isa = PBXGroup;
			children = (
				7F171D4FD17E3C6C073358C5 /* Cocoa.framework */,
			);
			name = "OS X";
			sourceTree = "<group>";
		};
/* End PBXGroup section */

/* Begin PBXNativeTarget section */
		C98BAB10AA49654224D7A4C1 /* LibnfsTest */ = {
			isa = PBXNativeTarget;
			buildConfigurationList = 59B621609D56C0C87EC14240 /* Build configuration list for PBXNativeTarget "LibnfsTest" */;
			buildPhases = (
				944C74EE122DE1FEC9D1ECF1 /* [CP] Check Pods Manifest.lock */,
				EBD550AA324A1DFA032C6376 /* Sources */,
				C4EBFF59993CAB7B1C297C00 /* Frameworks */,
			);
			buildRules = (
			);
			dependencies = (
			);
			name = LibnfsTest;
			productName = LibnfsTest;
			productReference = 0FBBD56F22270D4C2E8FEA1E /* LibnfsTest */;
			productType = "com.apple.product-type.tool";
		};
/* End PBXNativeTarget section */

/* Begin PBXProject section */
		43D56225728A2C1DBF6DC863 /* Project object */ = {
			isa = PBXProject;
			attributes = {
				LastSwiftUpdateCheck = 1600;
				LastUpgradeCheck = 1600;
			};
			buildConfigurationList = 6E38A2CBC081EB220115FFC2 /* Build configuration list for PBXProject "LibnfsTest" */;
			compatibilityVersion = "Xcode 3.2";
			developmentRegion = en;
			hasScannedForEncodings = 0;
			knownRegions = (
				en,
				Base,
			);
			mainGroup = 4A65E32EDA6327D039FECDB6;
			minimizedProjectReferenceProxies = 0;
			preferredProjectObjectVersion = 77;
			productRefGroup = 83F6DFBEECE59186AF97E974 /* Products */;
			projectDirPath = "";
			projectRoot = "";
			targets = (
				C98BAB10AA49654224D7A4C1 /* LibnfsTest */,
			);
		};
/* End PBXProject section */

/* Begin PBXShellScriptBuildPhase section */
		944C74EE122DE1FEC9D1ECF1 /* [CP] Check Pods Manifest.lock */ = {
			isa = PBXShellScriptBuildPhase;
			buildActionMask = 2147483647;
			files = (
			);
			inputFileListPaths = (
			);
			inputPaths = (
				"${PODS_PODFILE_DIR_PATH}/Podfile.lock",
				"${PODS_ROOT}/Manifest.lock",
			);
			name = "[CP] Check Pods Manifest.lock";
			outputFileListPaths = (
			);
			outputPaths = (
				"$(DERIVED_FILE_DIR)/Pods-LibnfsTest-checkManifestLockResult.txt",
			);
			runOnlyForDeploymentPostprocessing = 0;
			shellPath = /bin/sh;
			shellScript = "diff \"${PODS_PODFILE_DIR_PATH}/Podfile.lock\" \"${PODS_ROOT}/Manifest.lock\" > /dev/null\nif [ $? != 0 ] ; then\n    # print error to STDERR\n    echo \"error: The sandbox is not in sync with the Podfile.lock. Run 'pod install' or update your CocoaPods installation.\" >&2\n    exit 1\nfi\n# This output is used by Xcode 'outputs' to avoid re-running this script phase.\necho \"SUCCESS\" > \"${SCRIPT_OUTPUT_FILE_0}\"\n";
			showEnvVarsInLog = 0;
		};
/* End PBXShellScriptBuildPhase section */

/* Begin PBXSourcesBuildPhase section */
		EBD550AA324A1DFA032C6376 /* Sources */ = {
			isa = PBXSourcesBuildPhase;
			buildActionMask = 2147483647;
			files = (
				5290FE786FE055D9BD628508 /* main.m in Sources */,
			);
			runOnlyForDeploymentPostprocessing = 0;
		};
/* End PBXSourcesBuildPhase section */

/* Begin XCBuildConfiguration section */
		233B89AA21EA59220514A047 /* Release */ = {
			isa = XCBuildConfiguration;
			baseConfigurationReference = B740D8ABFF5AA8EBA4D93B3A /* Pods-LibnfsTest.release.xcconfig */;
			buildSettings = {
				CLANG_ENABLE_OBJC_ARC = YES;
				CLANG_ENABLE_OBJC_WEAK = NO;
				MACOSX_DEPLOYMENT_TARGET = 10.15;
				SDKROOT = macosx;
			};
			name = Release;
		};
		3FA306DDA7787FC4EFD5ED36 /* Debug */ = {
			isa = XCBuildConfiguration;
			buildSettings = {
				ALWAYS_SEARCH_USER_PATHS = NO;
				CLANG_ANALYZER_NONNULL = YES;
				CLANG_ANALYZER_NUMBER_OBJECT_CONVERSION = YES_AGGRESSIVE;
				CLANG_CXX_LANGUAGE_STANDARD = "gnu++14";
				CLANG_CXX_LIBRARY = "libc++";
				CLANG_ENABLE_MODULES = YES;
				CLANG_ENABLE_OBJC_ARC = YES;
				CLANG_ENABLE_OBJC_WEAK = YES;
				CLANG_WARN_BLOCK_CAPTURE_AUTORELEASING = YES;
				CLANG_WARN_BOOL_CONVERSION = YES;
				CLANG_WARN_COMMA = YES;
				CLANG_WARN_CONSTANT_CONVERSION = YES;
				CLANG_WARN_DEPRECATED_OBJC_IMPLEMENTATIONS = YES;
				CLANG_WARN_DIRECT_OBJC_ISA_USAGE = YES_ERROR;
				CLANG_WARN_DOCUMENTATION_COMMENTS = YES;
				CLANG_WARN_EMPTY_BODY = YES;
				CLANG_WARN_ENUM_CONVERSION = YES;
				CLANG_WARN_INFINITE_RECURSION = YES;
				CLANG_WARN_INT_CONVERSION = YES;
				CLANG_WARN_NON_LITERAL_NULL_CONVERSION = YES;
				CLANG_WARN_OBJC_IMPLICIT_RETAIN_SELF = YES;
				CLANG_WARN_OBJC_LITERAL_CONVERSION = YES;
				CLANG_WARN_OBJC_ROOT_CLASS = YES_ERROR;
				CLANG_WARN_QUOTED_INCLUDE_IN_FRAMEWORK_HEADER = YES;
				CLANG_WARN_RANGE_LOOP_ANALYSIS = YES;
				CLANG_WARN_STRICT_PROTOTYPES = YES;
				CLANG_WARN_SUSPICIOUS_MOVE = YES;
				CLANG_WARN_UNGUARDED_AVAILABILITY = YES_AGGRESSIVE;
				CLANG_WARN_UNREACHABLE_CODE = YES;
				CLANG_WARN__DUPLICATE_METHOD_MATCH = YES;
				COPY_PHASE_STRIP = NO;
				DEBUG_INFORMATION_FORMAT = dwarf;
				ENABLE_STRICT_OBJC_MSGSEND = YES;
				ENABLE_TESTABILITY = YES;
				GCC_C_LANGUAGE_STANDARD = gnu11;
				GCC_DYNAMIC_NO_PIC = NO;
				GCC_NO_COMMON_BLOCKS = YES;
				GCC_OPTIMIZATION_LEVEL = 0;
				GCC_PREPROCESSOR_DEFINITIONS = (
					"DEBUG=1",
					"$(inherited)",
				);
				GCC_WARN_64_TO_32_BIT_CONVERSION = YES;
				GCC_WARN_ABOUT_RETURN_TYPE = YES_ERROR;
				GCC_WARN_UNDECLARED_SELECTOR = YES;
				GCC_WARN_UNINITIALIZED_AUTOS = YES_AGGRESSIVE;
				GCC_WARN_UNUSED_FUNCTION = YES;
				GCC_WARN_UNUSED_VARIABLE = YES;
				MTL_ENABLE_DEBUG_INFO = INCLUDE_SOURCE;
				MTL_FAST_MATH = YES;
				ONLY_ACTIVE_ARCH = YES;
				PRODUCT_NAME = "$(TARGET_NAME)";
				SWIFT_ACTIVE_COMPILATION_CONDITIONS = DEBUG;
				SWIFT_OPTIMIZATION_LEVEL = "-Onone";
				SWIFT_VERSION = 5.0;
			};
			name = Debug;
		};
		69B87A742F1BE06B53CF6AC2 /* Debug */ = {
			isa = XCBuildConfiguration;
			baseConfigurationReference = 0C85D81FA6B222BF4199B06F /* Pods-LibnfsTest.debug.xcconfig */;
			buildSettings = {
				CLANG_ENABLE_OBJC_ARC = YES;
				CLANG_ENABLE_OBJC_WEAK = NO;
				MACOSX_DEPLOYMENT_TARGET = 10.15;
				SDKROOT = macosx;
			};
			name = Debug;
		};
		EFE4E65F465D2766FA87EDA3 /* Release */ = {
			isa = XCBuildConfiguration;
			buildSettings = {
				ALWAYS_SEARCH_USER_PATHS = NO;
				CLANG_ANALYZER_NONNULL = YES;
				CLANG_ANALYZER_NUMBER_OBJECT_CONVERSION = YES_AGGRESSIVE;
				CLANG_CXX_LANGUAGE_STANDARD = "gnu++14";
				CLANG_CXX_LIBRARY = "libc++";
				CLANG_ENABLE_MODULES = YES;
				CLANG_ENABLE_OBJC_ARC = YES;
				CLANG_ENABLE_OBJC_WEAK = YES;
				CLANG_WARN_BLOCK_CAPTURE_AUTORELEASING = YES;
				CLANG_WARN_BOOL_CONVERSION = YES;
				CLANG_WARN_COMMA = YES;
				CLANG_WARN_CONSTANT_CONVERSION = YES;
				CLANG_WARN_DEPRECATED_OBJC_IMPLEMENTATIONS = YES;
				CLANG_WARN_DIRECT_OBJC_ISA_USAGE = YES_ERROR;
				CLANG_WARN_DOCUMENTATION_COMMENTS = YES;
				CLANG_WARN_EMPTY_BODY = YES;
				CLANG_WARN_ENUM_CONVERSION = YES;
				CLANG_WARN_INFINITE_RECURSION = YES;
				CLANG_WARN_INT_CONVERSION = YES;
				CLANG_WARN_NON_LITERAL_NULL_CONVERSION = YES;
				CLANG_WARN_OBJC_IMPLICIT_RETAIN_SELF = YES;
				CLANG_WARN_OBJC_LITERAL_CONVERSION = YES;
				CLANG_WARN_OBJC_ROOT_CLASS = YES_ERROR;
				CLANG_WARN_QUOTED_INCLUDE_IN_FRAMEWORK_HEADER = YES;
				CLANG_WARN_RANGE_LOOP_ANALYSIS = YES;
				CLANG_WARN_STRICT_PROTOTYPES = YES;
				CLANG_WARN_SUSPICIOUS_MOVE = YES;
				CLANG_WARN_UNGUARDED_AVAILABILITY = YES_AGGRESSIVE;
				CLANG_WARN_UNREACHABLE_CODE = YES;
				CLANG_WARN__DUPLICATE_METHOD_MATCH = YES;
				COPY_PHASE_STRIP = NO;
				DEBUG_INFORMATION_FORMAT = "dwarf-with-dsym";
				ENABLE_NS_ASSERTIONS = NO;
				ENABLE_STRICT_OBJC_MSGSEND = YES;
				GCC_C_LANGUAGE_STANDARD = gnu11;
				GCC_NO_COMMON_BLOCKS = YES;
				GCC_WARN_64_TO_32_BIT_CONVERSION = YES;
				GCC_WARN_ABOUT_RETURN_TYPE = YES_ERROR;
				GCC_WARN_UNDECLARED_SELECTOR = YES;
				GCC_WARN_UNINITIALIZED_AUTOS = YES_AGGRESSIVE;
				GCC_WARN_UNUSED_FUNCTION = YES;
				GCC_WARN_UNUSED_VARIABLE = YES;
				MTL_ENABLE_DEBUG_INFO = NO;
				MTL_FAST_MATH = YES;
				PRODUCT_NAME = "$(TARGET_NAME)";
				SWIFT_COMPILATION_MODE = wholemodule;
				SWIFT_OPTIMIZATION_LEVEL = "-O";
				SWIFT_VERSION = 5.0;
			};
			name = Release;
		};
/* End XCBuildConfiguration section */

/* Begin XCConfigurationList section */
		59B621609D56C0C87EC14240 /* Build configuration list for PBXNativeTarget "LibnfsTest" */ = {
			isa = XCConfigurationList;
			buildConfigurations = (
				233B89AA21EA59220514A047 /* Release */,
				69B87A742F1BE06B53CF6AC2 /* Debug */,
			);
			defaultConfigurationIsVisible = 0;
			defaultConfigurationName = Release;
		};
		6E38A2CBC081EB220115FFC2 /* Build configuration list for PBXProject "LibnfsTest" */ = {
			isa = XCConfigurationList;
			buildConfigurations = (
				3FA306DDA7787FC4EFD5ED36 /* Debug */,
				EFE4E65F465D2766FA87EDA3 /* Release */,
			);
			defaultConfigurationIsVisible = 0;
			defaultConfigurationName = Release;
		};
/* End XCConfigurationList section */
	};
	rootObject = 43D56225728A2C1DBF6DC863 /* Project object */;
}
