PODS:
  - libnfs/Core (16.2.0)
  - libnfs/ObjC (16.2.0):
    - libnfs/Core

DEPENDENCIES:
  - libnfs/ObjC (from `../`)

EXTERNAL SOURCES:
  libnfs:
    :path: "../"

SPEC CHECKSUMS:
  libnfs: d6de5138389933ede474dadb0d0a23e7661731f2

PODFILE CHECKSUM: 8f5ccba3d4f78808656a33a86d4b4ac9ea9820d1

COCOAPODS: 1.16.2
