PODS:
  - libnfs/Core (16.2.0)
  - libnfs/ObjC (16.2.0):
    - libnfs/Core

DEPENDENCIES:
  - libnfs/ObjC (from `../`)

EXTERNAL SOURCES:
  libnfs:
    :path: "../"

SPEC CHECKSUMS:
  libnfs: da37277d1890894f5471f040d69676eff3151117

PODFILE CHECKSUM: 8f5ccba3d4f78808656a33a86d4b4ac9ea9820d1

COCOAPODS: 1.16.2
