PODS:
  - libnfs/Core (16.2.0)
  - libnfs/ObjC (16.2.0):
    - libnfs/Core

DEPENDENCIES:
  - libnfs/ObjC (from `../`)

EXTERNAL SOURCES:
  libnfs:
    :path: "../"

SPEC CHECKSUMS:
  libnfs: a6104373aad783f463de1cdea1397885c1089b64

PODFILE CHECKSUM: 787a1c256696c26a6afb54c42bdf7073b6f801e3

COCOAPODS: 1.16.2
